// !$*UTF8*$!
{
	archiveVersion = 1;
	classes = {
	};
	objectVersion = 46;
	objects = {

/* Begin PBXBuildFile section */
		D9992D4D1C18EC8B00092D51 /* XbICalendar.h in Headers */ = {isa = PBXBuildFile; fileRef = D9992D3B1C18EC8B00092D51 /* XbICalendar.h */; };
		D9992D4E1C18EC8B00092D51 /* XbICComponent.h in Headers */ = {isa = PBXBuildFile; fileRef = D9992D3C1C18EC8B00092D51 /* XbICComponent.h */; };
		D9992D4F1C18EC8B00092D51 /* XbICComponent.m in Sources */ = {isa = PBXBuildFile; fileRef = D9992D3D1C18EC8B00092D51 /* XbICComponent.m */; };
		D9992D501C18EC8B00092D51 /* XbICFile.h in Headers */ = {isa = PBXBuildFile; fileRef = D9992D3E1C18EC8B00092D51 /* XbICFile.h */; };
		D9992D511C18EC8B00092D51 /* XbICFile.m in Sources */ = {isa = PBXBuildFile; fileRef = D9992D3F1C18EC8B00092D51 /* XbICFile.m */; };
		D9992D521C18EC8B00092D51 /* XbICInvite.h in Headers */ = {isa = PBXBuildFile; fileRef = D9992D401C18EC8B00092D51 /* XbICInvite.h */; };
		D9992D531C18EC8B00092D51 /* XbICInvite.m in Sources */ = {isa = PBXBuildFile; fileRef = D9992D411C18EC8B00092D51 /* XbICInvite.m */; };
		D9992D541C18EC8B00092D51 /* XbICPerson.h in Headers */ = {isa = PBXBuildFile; fileRef = D9992D421C18EC8B00092D51 /* XbICPerson.h */; };
		D9992D551C18EC8B00092D51 /* XbICPerson.m in Sources */ = {isa = PBXBuildFile; fileRef = D9992D431C18EC8B00092D51 /* XbICPerson.m */; };
		D9992D561C18EC8B00092D51 /* XbICProperty.h in Headers */ = {isa = PBXBuildFile; fileRef = D9992D441C18EC8B00092D51 /* XbICProperty.h */; };
		D9992D571C18EC8B00092D51 /* XbICProperty.m in Sources */ = {isa = PBXBuildFile; fileRef = D9992D451C18EC8B00092D51 /* XbICProperty.m */; };
		D9992D581C18EC8B00092D51 /* XbICVCalendar.h in Headers */ = {isa = PBXBuildFile; fileRef = D9992D461C18EC8B00092D51 /* XbICVCalendar.h */; };
		D9992D591C18EC8B00092D51 /* XbICVCalendar.m in Sources */ = {isa = PBXBuildFile; fileRef = D9992D471C18EC8B00092D51 /* XbICVCalendar.m */; };
		D9992D5A1C18EC8B00092D51 /* XbICVEvent.h in Headers */ = {isa = PBXBuildFile; fileRef = D9992D481C18EC8B00092D51 /* XbICVEvent.h */; };
		D9992D5B1C18EC8B00092D51 /* XbICVEvent.m in Sources */ = {isa = PBXBuildFile; fileRef = D9992D491C18EC8B00092D51 /* XbICVEvent.m */; };
		D9992D5C1C18EC8B00092D51 /* XbICZoneDirectory.h in Headers */ = {isa = PBXBuildFile; fileRef = D9992D4A1C18EC8B00092D51 /* XbICZoneDirectory.h */; };
		D9992D5D1C18EC8B00092D51 /* XbICZoneDirectory.m in Sources */ = {isa = PBXBuildFile; fileRef = D9992D4B1C18EC8B00092D51 /* XbICZoneDirectory.m */; };
		D9DAEC6E1C18DAEA0084383A /* EventKitUI.framework in Frameworks */ = {isa = PBXBuildFile; fileRef = 946E26ED1B0F7BA500418534 /* EventKitUI.framework */; };
		D9DAEC6F1C18DAEA0084383A /* EventKit.framework in Frameworks */ = {isa = PBXBuildFile; fileRef = 946E26EB1B0F7B9600418534 /* EventKit.framework */; };
		D9DAEC701C18DAEA0084383A /* Foundation.framework in Frameworks */ = {isa = PBXBuildFile; fileRef = F12F48EF19332EA4003631C5 /* Foundation.framework */; };
		D9DAEC711C18DAEA0084383A /* CoreGraphics.framework in Frameworks */ = {isa = PBXBuildFile; fileRef = F12F48F119332EA4003631C5 /* CoreGraphics.framework */; };
		D9DAEC721C18DAEA0084383A /* UIKit.framework in Frameworks */ = {isa = PBXBuildFile; fileRef = F12F48F319332EA4003631C5 /* UIKit.framework */; };
		D9DAEC731C18DAF10084383A /* libical.a in Frameworks */ = {isa = PBXBuildFile; fileRef = F148A222194700DD00ED2C6E /* libical.a */; };
		D9DAEC841C18DBB10084383A /* ical.h in Headers */ = {isa = PBXBuildFile; fileRef = F12F492C19345BB2003631C5 /* ical.h */; settings = {ATTRIBUTES = (Public, ); }; };
		D9DAEC861C18DBD60084383A /* libical_ical_export.h in Headers */ = {isa = PBXBuildFile; fileRef = D9DAEC851C18DBD60084383A /* libical_ical_export.h */; settings = {ATTRIBUTES = (Public, ); }; };
/* End PBXBuildFile section */

/* Begin PBXFileReference section */
		946E26EB1B0F7B9600418534 /* EventKit.framework */ = {isa = PBXFileReference; lastKnownFileType = wrapper.framework; name = EventKit.framework; path = System/Library/Frameworks/EventKit.framework; sourceTree = SDKROOT; };
		946E26ED1B0F7BA500418534 /* EventKitUI.framework */ = {isa = PBXFileReference; lastKnownFileType = wrapper.framework; name = EventKitUI.framework; path = System/Library/Frameworks/EventKitUI.framework; sourceTree = SDKROOT; };
		D9992D3A1C18EC8B00092D51 /* Info.plist */ = {isa = PBXFileReference; fileEncoding = 4; lastKnownFileType = text.plist.xml; name = Info.plist; path = XbICalendar/Info.plist; sourceTree = SOURCE_ROOT; };
		D9992D3B1C18EC8B00092D51 /* XbICalendar.h */ = {isa = PBXFileReference; fileEncoding = 4; lastKnownFileType = sourcecode.c.h; name = XbICalendar.h; path = XbICalendar/XbICalendar.h; sourceTree = SOURCE_ROOT; };
		D9992D3C1C18EC8B00092D51 /* XbICComponent.h */ = {isa = PBXFileReference; fileEncoding = 4; lastKnownFileType = sourcecode.c.h; name = XbICComponent.h; path = XbICalendar/XbICComponent.h; sourceTree = SOURCE_ROOT; };
		D9992D3D1C18EC8B00092D51 /* XbICComponent.m */ = {isa = PBXFileReference; fileEncoding = 4; lastKnownFileType = sourcecode.c.objc; name = XbICComponent.m; path = XbICalendar/XbICComponent.m; sourceTree = SOURCE_ROOT; };
		D9992D3E1C18EC8B00092D51 /* XbICFile.h */ = {isa = PBXFileReference; fileEncoding = 4; lastKnownFileType = sourcecode.c.h; name = XbICFile.h; path = XbICalendar/XbICFile.h; sourceTree = SOURCE_ROOT; };
		D9992D3F1C18EC8B00092D51 /* XbICFile.m */ = {isa = PBXFileReference; fileEncoding = 4; lastKnownFileType = sourcecode.c.objc; name = XbICFile.m; path = XbICalendar/XbICFile.m; sourceTree = SOURCE_ROOT; };
		D9992D401C18EC8B00092D51 /* XbICInvite.h */ = {isa = PBXFileReference; fileEncoding = 4; lastKnownFileType = sourcecode.c.h; name = XbICInvite.h; path = XbICalendar/XbICInvite.h; sourceTree = SOURCE_ROOT; };
		D9992D411C18EC8B00092D51 /* XbICInvite.m */ = {isa = PBXFileReference; fileEncoding = 4; lastKnownFileType = sourcecode.c.objc; name = XbICInvite.m; path = XbICalendar/XbICInvite.m; sourceTree = SOURCE_ROOT; };
		D9992D421C18EC8B00092D51 /* XbICPerson.h */ = {isa = PBXFileReference; fileEncoding = 4; lastKnownFileType = sourcecode.c.h; name = XbICPerson.h; path = XbICalendar/XbICPerson.h; sourceTree = SOURCE_ROOT; };
		D9992D431C18EC8B00092D51 /* XbICPerson.m */ = {isa = PBXFileReference; fileEncoding = 4; lastKnownFileType = sourcecode.c.objc; name = XbICPerson.m; path = XbICalendar/XbICPerson.m; sourceTree = SOURCE_ROOT; };
		D9992D441C18EC8B00092D51 /* XbICProperty.h */ = {isa = PBXFileReference; fileEncoding = 4; lastKnownFileType = sourcecode.c.h; name = XbICProperty.h; path = XbICalendar/XbICProperty.h; sourceTree = SOURCE_ROOT; };
		D9992D451C18EC8B00092D51 /* XbICProperty.m */ = {isa = PBXFileReference; fileEncoding = 4; lastKnownFileType = sourcecode.c.objc; name = XbICProperty.m; path = XbICalendar/XbICProperty.m; sourceTree = SOURCE_ROOT; };
		D9992D461C18EC8B00092D51 /* XbICVCalendar.h */ = {isa = PBXFileReference; fileEncoding = 4; lastKnownFileType = sourcecode.c.h; name = XbICVCalendar.h; path = XbICalendar/XbICVCalendar.h; sourceTree = SOURCE_ROOT; };
		D9992D471C18EC8B00092D51 /* XbICVCalendar.m */ = {isa = PBXFileReference; fileEncoding = 4; lastKnownFileType = sourcecode.c.objc; name = XbICVCalendar.m; path = XbICalendar/XbICVCalendar.m; sourceTree = SOURCE_ROOT; };
		D9992D481C18EC8B00092D51 /* XbICVEvent.h */ = {isa = PBXFileReference; fileEncoding = 4; lastKnownFileType = sourcecode.c.h; name = XbICVEvent.h; path = XbICalendar/XbICVEvent.h; sourceTree = SOURCE_ROOT; };
		D9992D491C18EC8B00092D51 /* XbICVEvent.m */ = {isa = PBXFileReference; fileEncoding = 4; lastKnownFileType = sourcecode.c.objc; name = XbICVEvent.m; path = XbICalendar/XbICVEvent.m; sourceTree = SOURCE_ROOT; };
		D9992D4A1C18EC8B00092D51 /* XbICZoneDirectory.h */ = {isa = PBXFileReference; fileEncoding = 4; lastKnownFileType = sourcecode.c.h; name = XbICZoneDirectory.h; path = XbICalendar/XbICZoneDirectory.h; sourceTree = SOURCE_ROOT; };
		D9992D4B1C18EC8B00092D51 /* XbICZoneDirectory.m */ = {isa = PBXFileReference; fileEncoding = 4; lastKnownFileType = sourcecode.c.objc; name = XbICZoneDirectory.m; path = XbICalendar/XbICZoneDirectory.m; sourceTree = SOURCE_ROOT; };
		D9DAEC661C18DA9D0084383A /* XbICalendar.framework */ = {isa = PBXFileReference; explicitFileType = wrapper.framework; includeInIndex = 0; path = XbICalendar.framework; sourceTree = BUILT_PRODUCTS_DIR; };
		D9DAEC851C18DBD60084383A /* libical_ical_export.h */ = {isa = PBXFileReference; fileEncoding = 4; lastKnownFileType = sourcecode.c.h; path = libical_ical_export.h; sourceTree = "<group>"; };
		F12F48EF19332EA4003631C5 /* Foundation.framework */ = {isa = PBXFileReference; lastKnownFileType = wrapper.framework; name = Foundation.framework; path = System/Library/Frameworks/Foundation.framework; sourceTree = SDKROOT; };
		F12F48F119332EA4003631C5 /* CoreGraphics.framework */ = {isa = PBXFileReference; lastKnownFileType = wrapper.framework; name = CoreGraphics.framework; path = System/Library/Frameworks/CoreGraphics.framework; sourceTree = SDKROOT; };
		F12F48F319332EA4003631C5 /* UIKit.framework */ = {isa = PBXFileReference; lastKnownFileType = wrapper.framework; name = UIKit.framework; path = System/Library/Frameworks/UIKit.framework; sourceTree = SDKROOT; };
		F12F492C19345BB2003631C5 /* ical.h */ = {isa = PBXFileReference; fileEncoding = 4; lastKnownFileType = sourcecode.c.h; path = ical.h; sourceTree = "<group>"; };
		F12F4E3B19346826003631C5 /* zoneinfo */ = {isa = PBXFileReference; lastKnownFileType = folder; path = zoneinfo; sourceTree = "<group>"; };
		F148A222194700DD00ED2C6E /* libical.a */ = {isa = PBXFileReference; lastKnownFileType = archive.ar; path = libical.a; sourceTree = "<group>"; };
/* End PBXFileReference section */

/* Begin PBXFrameworksBuildPhase section */
		D9DAEC621C18DA9D0084383A /* Frameworks */ = {
			isa = PBXFrameworksBuildPhase;
			buildActionMask = 2147483647;
			files = (
				D9DAEC6E1C18DAEA0084383A /* EventKitUI.framework in Frameworks */,
				D9DAEC6F1C18DAEA0084383A /* EventKit.framework in Frameworks */,
				D9DAEC731C18DAF10084383A /* libical.a in Frameworks */,
				D9DAEC701C18DAEA0084383A /* Foundation.framework in Frameworks */,
				D9DAEC711C18DAEA0084383A /* CoreGraphics.framework in Frameworks */,
				D9DAEC721C18DAEA0084383A /* UIKit.framework in Frameworks */,
			);
			runOnlyForDeploymentPostprocessing = 0;
		};
/* End PBXFrameworksBuildPhase section */

/* Begin PBXGroup section */
		F12F48E319332EA4003631C5 = {
			isa = PBXGroup;
			children = (
				F12F492D19345BC4003631C5 /* libical */,
				F12F49241933385D003631C5 /* XbICalendar */,
				F12F48EE19332EA4003631C5 /* Frameworks */,
				F12F48ED19332EA4003631C5 /* Products */,
			);
			sourceTree = "<group>";
		};
		F12F48ED19332EA4003631C5 /* Products */ = {
			isa = PBXGroup;
			children = (
				D9DAEC661C18DA9D0084383A /* XbICalendar.framework */,
			);
			name = Products;
			sourceTree = "<group>";
		};
		F12F48EE19332EA4003631C5 /* Frameworks */ = {
			isa = PBXGroup;
			children = (
				946E26ED1B0F7BA500418534 /* EventKitUI.framework */,
				946E26EB1B0F7B9600418534 /* EventKit.framework */,
				F12F48EF19332EA4003631C5 /* Foundation.framework */,
				F12F48F119332EA4003631C5 /* CoreGraphics.framework */,
				F12F48F319332EA4003631C5 /* UIKit.framework */,
			);
			name = Frameworks;
			sourceTree = "<group>";
		};
		F12F49241933385D003631C5 /* XbICalendar */ = {
			isa = PBXGroup;
			children = (
				D9992D3B1C18EC8B00092D51 /* XbICalendar.h */,
				D9992D3C1C18EC8B00092D51 /* XbICComponent.h */,
				D9992D3D1C18EC8B00092D51 /* XbICComponent.m */,
				D9992D3E1C18EC8B00092D51 /* XbICFile.h */,
				D9992D3F1C18EC8B00092D51 /* XbICFile.m */,
				D9992D401C18EC8B00092D51 /* XbICInvite.h */,
				D9992D411C18EC8B00092D51 /* XbICInvite.m */,
				D9992D421C18EC8B00092D51 /* XbICPerson.h */,
				D9992D431C18EC8B00092D51 /* XbICPerson.m */,
				D9992D441C18EC8B00092D51 /* XbICProperty.h */,
				D9992D451C18EC8B00092D51 /* XbICProperty.m */,
				D9992D461C18EC8B00092D51 /* XbICVCalendar.h */,
				D9992D471C18EC8B00092D51 /* XbICVCalendar.m */,
				D9992D481C18EC8B00092D51 /* XbICVEvent.h */,
				D9992D491C18EC8B00092D51 /* XbICVEvent.m */,
				D9992D4A1C18EC8B00092D51 /* XbICZoneDirectory.h */,
				D9992D4B1C18EC8B00092D51 /* XbICZoneDirectory.m */,
				D9992D3A1C18EC8B00092D51 /* Info.plist */,
			);
			name = XbICalendar;
			path = XBICalendar;
			sourceTree = "<group>";
		};
		F12F492D19345BC4003631C5 /* libical */ = {
			isa = PBXGroup;
			children = (
				F12F4E3B19346826003631C5 /* zoneinfo */,
				F12F493019345C4F003631C5 /* lib */,
				F12F492E19345BD9003631C5 /* src */,
			);
			name = libical;
			path = ../libical;
			sourceTree = "<group>";
		};
		F12F492E19345BD9003631C5 /* src */ = {
			isa = PBXGroup;
			children = (
				F12F492F19345BF7003631C5 /* include */,
			);
			path = src;
			sourceTree = "<group>";
		};
		F12F492F19345BF7003631C5 /* include */ = {
			isa = PBXGroup;
			children = (
				D9DAEC851C18DBD60084383A /* libical_ical_export.h */,
				F12F492C19345BB2003631C5 /* ical.h */,
			);
			path = include;
			sourceTree = "<group>";
		};
		F12F493019345C4F003631C5 /* lib */ = {
			isa = PBXGroup;
			children = (
				F148A222194700DD00ED2C6E /* libical.a */,
			);
			path = lib;
			sourceTree = "<group>";
		};
/* End PBXGroup section */

/* Begin PBXHeadersBuildPhase section */
		D9DAEC631C18DA9D0084383A /* Headers */ = {
			isa = PBXHeadersBuildPhase;
			buildActionMask = 2147483647;
			files = (
				D9992D5C1C18EC8B00092D51 /* XbICZoneDirectory.h in Headers */,
				D9DAEC841C18DBB10084383A /* ical.h in Headers */,
				D9DAEC861C18DBD60084383A /* libical_ical_export.h in Headers */,
				D9992D561C18EC8B00092D51 /* XbICProperty.h in Headers */,
				D9992D4D1C18EC8B00092D51 /* XbICalendar.h in Headers */,
				D9992D581C18EC8B00092D51 /* XbICVCalendar.h in Headers */,
				D9992D501C18EC8B00092D51 /* XbICFile.h in Headers */,
				D9992D5A1C18EC8B00092D51 /* XbICVEvent.h in Headers */,
				D9992D4E1C18EC8B00092D51 /* XbICComponent.h in Headers */,
				D9992D521C18EC8B00092D51 /* XbICInvite.h in Headers */,
				D9992D541C18EC8B00092D51 /* XbICPerson.h in Headers */,
			);
			runOnlyForDeploymentPostprocessing = 0;
		};
/* End PBXHeadersBuildPhase section */

/* Begin PBXNativeTarget section */
		D9DAEC651C18DA9D0084383A /* XbICalendar */ = {
			isa = PBXNativeTarget;
			buildConfigurationList = D9DAEC6B1C18DA9E0084383A /* Build configuration list for PBXNativeTarget "XbICalendar" */;
			buildPhases = (
				D9DAEC611C18DA9D0084383A /* Sources */,
				D9DAEC621C18DA9D0084383A /* Frameworks */,
				D9DAEC631C18DA9D0084383A /* Headers */,
				D9DAEC641C18DA9D0084383A /* Resources */,
			);
			buildRules = (
			);
			dependencies = (
			);
			name = XbICalendar;
			productName = XblCalendar;
			productReference = D9DAEC661C18DA9D0084383A /* XbICalendar.framework */;
			productType = "com.apple.product-type.framework";
		};
/* End PBXNativeTarget section */

/* Begin PBXProject section */
		F12F48E419332EA4003631C5 /* Project object */ = {
			isa = PBXProject;
			attributes = {
				CLASSPREFIX = XbIC;
				LastSwiftUpdateCheck = 0720;
				LastUpgradeCheck = 0720;
				ORGANIZATIONNAME = GaltSoft;
				TargetAttributes = {
					D9DAEC651C18DA9D0084383A = {
						CreatedOnToolsVersion = 7.2;
					};
				};
			};
			buildConfigurationList = F12F48E719332EA4003631C5 /* Build configuration list for PBXProject "XbICalendar" */;
			compatibilityVersion = "Xcode 3.2";
			developmentRegion = English;
			hasScannedForEncodings = 0;
			knownRegions = (
				en,
				Base,
			);
			mainGroup = F12F48E319332EA4003631C5;
			productRefGroup = F12F48ED19332EA4003631C5 /* Products */;
			projectDirPath = "";
			projectRoot = "";
			targets = (
				D9DAEC651C18DA9D0084383A /* XbICalendar */,
			);
		};
/* End PBXProject section */

/* Begin PBXResourcesBuildPhase section */
		D9DAEC641C18DA9D0084383A /* Resources */ = {
			isa = PBXResourcesBuildPhase;
			buildActionMask = 2147483647;
			files = (
			);
			runOnlyForDeploymentPostprocessing = 0;
		};
/* End PBXResourcesBuildPhase section */

/* Begin PBXSourcesBuildPhase section */
		D9DAEC611C18DA9D0084383A /* Sources */ = {
			isa = PBXSourcesBuildPhase;
			buildActionMask = 2147483647;
			files = (
				D9992D5B1C18EC8B00092D51 /* XbICVEvent.m in Sources */,
				D9992D571C18EC8B00092D51 /* XbICProperty.m in Sources */,
				D9992D5D1C18EC8B00092D51 /* XbICZoneDirectory.m in Sources */,
				D9992D591C18EC8B00092D51 /* XbICVCalendar.m in Sources */,
				D9992D4F1C18EC8B00092D51 /* XbICComponent.m in Sources */,
				D9992D511C18EC8B00092D51 /* XbICFile.m in Sources */,
				D9992D551C18EC8B00092D51 /* XbICPerson.m in Sources */,
				D9992D531C18EC8B00092D51 /* XbICInvite.m in Sources */,
			);
			runOnlyForDeploymentPostprocessing = 0;
		};
/* End PBXSourcesBuildPhase section */

/* Begin XCBuildConfiguration section */
		D9DAEC6C1C18DA9E0084383A /* Debug */ = {
			isa = XCBuildConfiguration;
			buildSettings = {
				APPLICATION_EXTENSION_API_ONLY = YES;
				CLANG_WARN_UNREACHABLE_CODE = YES;
				CURRENT_PROJECT_VERSION = 1;
				DEBUG_INFORMATION_FORMAT = dwarf;
				DEFINES_MODULE = YES;
				DYLIB_COMPATIBILITY_VERSION = 1;
				DYLIB_CURRENT_VERSION = 1;
				DYLIB_INSTALL_NAME_BASE = "@rpath";
				ENABLE_BITCODE = YES;
				ENABLE_STRICT_OBJC_MSGSEND = YES;
				ENABLE_TESTABILITY = YES;
				GCC_NO_COMMON_BLOCKS = YES;
				INFOPLIST_FILE = XbICalendar/Info.plist;
				INSTALL_PATH = "$(LOCAL_LIBRARY_DIR)/Frameworks";
				LD_RUNPATH_SEARCH_PATHS = "$(inherited) @executable_path/Frameworks @loader_path/Frameworks";
				LIBRARY_SEARCH_PATHS = "$(SRCROOT)/../libical/lib";
				MTL_ENABLE_DEBUG_INFO = YES;
				PRODUCT_BUNDLE_IDENTIFIER = net.yetii.XbICalendar;
				PRODUCT_NAME = "$(TARGET_NAME)";
				SKIP_INSTALL = YES;
				TARGETED_DEVICE_FAMILY = "1,2";
				VERSIONING_SYSTEM = "apple-generic";
				VERSION_INFO_PREFIX = "";
			};
			name = Debug;
		};
		D9DAEC6D1C18DA9E0084383A /* Release */ = {
			isa = XCBuildConfiguration;
			buildSettings = {
				APPLICATION_EXTENSION_API_ONLY = YES;
				CLANG_WARN_UNREACHABLE_CODE = YES;
				COPY_PHASE_STRIP = NO;
				CURRENT_PROJECT_VERSION = 1;
				DEBUG_INFORMATION_FORMAT = "dwarf-with-dsym";
				DEFINES_MODULE = YES;
				DYLIB_COMPATIBILITY_VERSION = 1;
				DYLIB_CURRENT_VERSION = 1;
				DYLIB_INSTALL_NAME_BASE = "@rpath";
				ENABLE_BITCODE = YES;
				ENABLE_STRICT_OBJC_MSGSEND = YES;
				GCC_NO_COMMON_BLOCKS = YES;
				INFOPLIST_FILE = XbICalendar/Info.plist;
				INSTALL_PATH = "$(LOCAL_LIBRARY_DIR)/Frameworks";
				LD_RUNPATH_SEARCH_PATHS = "$(inherited) @executable_path/Frameworks @loader_path/Frameworks";
				LIBRARY_SEARCH_PATHS = "$(SRCROOT)/../libical/lib";
				MTL_ENABLE_DEBUG_INFO = NO;
				PRODUCT_BUNDLE_IDENTIFIER = net.yetii.XbICalendar;
				PRODUCT_NAME = "$(TARGET_NAME)";
				SKIP_INSTALL = YES;
				TARGETED_DEVICE_FAMILY = "1,2";
				VERSIONING_SYSTEM = "apple-generic";
				VERSION_INFO_PREFIX = "";
			};
			name = Release;
		};
		F12F491C19332EA5003631C5 /* Debug */ = {
			isa = XCBuildConfiguration;
			buildSettings = {
				ALWAYS_SEARCH_USER_PATHS = NO;
				CLANG_CXX_LANGUAGE_STANDARD = "gnu++0x";
				CLANG_CXX_LIBRARY = "libc++";
				CLANG_ENABLE_MODULES = YES;
				CLANG_ENABLE_OBJC_ARC = YES;
				CLANG_WARN_BOOL_CONVERSION = YES;
				CLANG_WARN_CONSTANT_CONVERSION = YES;
				CLANG_WARN_DIRECT_OBJC_ISA_USAGE = YES_ERROR;
				CLANG_WARN_EMPTY_BODY = YES;
				CLANG_WARN_ENUM_CONVERSION = YES;
				CLANG_WARN_INT_CONVERSION = YES;
				CLANG_WARN_OBJC_ROOT_CLASS = YES_ERROR;
				CLANG_WARN__DUPLICATE_METHOD_MATCH = YES;
				"CODE_SIGN_IDENTITY[sdk=iphoneos*]" = "iPhone Developer";
				COPY_PHASE_STRIP = NO;
				ENABLE_TESTABILITY = YES;
				FRAMEWORK_SEARCH_PATHS = "";
				GCC_C_LANGUAGE_STANDARD = gnu99;
				GCC_DYNAMIC_NO_PIC = NO;
				GCC_OPTIMIZATION_LEVEL = 0;
				GCC_PREPROCESSOR_DEFINITIONS = (
					"DEBUG=1",
					"$(inherited)",
				);
				GCC_SYMBOLS_PRIVATE_EXTERN = NO;
				GCC_WARN_64_TO_32_BIT_CONVERSION = YES;
				GCC_WARN_ABOUT_RETURN_TYPE = YES_ERROR;
				GCC_WARN_UNDECLARED_SELECTOR = YES;
				GCC_WARN_UNINITIALIZED_AUTOS = YES_AGGRESSIVE;
				GCC_WARN_UNUSED_FUNCTION = YES;
				GCC_WARN_UNUSED_VARIABLE = YES;
				IPHONEOS_DEPLOYMENT_TARGET = 8.0;
				ONLY_ACTIVE_ARCH = YES;
				SDKROOT = iphoneos;
			};
			name = Debug;
		};
		F12F491D19332EA5003631C5 /* Release */ = {
			isa = XCBuildConfiguration;
			buildSettings = {
				ALWAYS_SEARCH_USER_PATHS = NO;
				CLANG_CXX_LANGUAGE_STANDARD = "gnu++0x";
				CLANG_CXX_LIBRARY = "libc++";
				CLANG_ENABLE_MODULES = YES;
				CLANG_ENABLE_OBJC_ARC = YES;
				CLANG_WARN_BOOL_CONVERSION = YES;
				CLANG_WARN_CONSTANT_CONVERSION = YES;
				CLANG_WARN_DIRECT_OBJC_ISA_USAGE = YES_ERROR;
				CLANG_WARN_EMPTY_BODY = YES;
				CLANG_WARN_ENUM_CONVERSION = YES;
				CLANG_WARN_INT_CONVERSION = YES;
				CLANG_WARN_OBJC_ROOT_CLASS = YES_ERROR;
				CLANG_WARN__DUPLICATE_METHOD_MATCH = YES;
				"CODE_SIGN_IDENTITY[sdk=iphoneos*]" = "iPhone Developer";
				COPY_PHASE_STRIP = YES;
				ENABLE_NS_ASSERTIONS = NO;
				FRAMEWORK_SEARCH_PATHS = "";
				GCC_C_LANGUAGE_STANDARD = gnu99;
				GCC_WARN_64_TO_32_BIT_CONVERSION = YES;
				GCC_WARN_ABOUT_RETURN_TYPE = YES_ERROR;
				GCC_WARN_UNDECLARED_SELECTOR = YES;
				GCC_WARN_UNINITIALIZED_AUTOS = YES_AGGRESSIVE;
				GCC_WARN_UNUSED_FUNCTION = YES;
				GCC_WARN_UNUSED_VARIABLE = YES;
				IPHONEOS_DEPLOYMENT_TARGET = 8.0;
				SDKROOT = iphoneos;
				VALIDATE_PRODUCT = YES;
			};
			name = Release;
		};
/* End XCBuildConfiguration section */

/* Begin XCConfigurationList section */
		D9DAEC6B1C18DA9E0084383A /* Build configuration list for PBXNativeTarget "XbICalendar" */ = {
			isa = XCConfigurationList;
			buildConfigurations = (
				D9DAEC6C1C18DA9E0084383A /* Debug */,
				D9DAEC6D1C18DA9E0084383A /* Release */,
			);
			defaultConfigurationIsVisible = 0;
			defaultConfigurationName = Release;
		};
		F12F48E719332EA4003631C5 /* Build configuration list for PBXProject "XbICalendar" */ = {
			isa = XCConfigurationList;
			buildConfigurations = (
				F12F491C19332EA5003631C5 /* Debug */,
				F12F491D19332EA5003631C5 /* Release */,
			);
			defaultConfigurationIsVisible = 0;
			defaultConfigurationName = Release;
		};
/* End XCConfigurationList section */
	};
	rootObject = F12F48E419332EA4003631C5 /* Project object */;
}
